
Microsoft Visual Studio Solution File, Format Version 12.00
# Visual Studio 2013
VisualStudioVersion = 12.0.30110.0
MinimumVisualStudioVersion = 10.0.40219.1
Project("{FAE04EC0-301F-11D3-BF4B-00C04F79EFBC}") = "ServerSentEvents", "ServerSentEvents\ServerSentEvents.csproj", "{FF8AE183-E24B-4521-A228-9F983AF30371}"
EndProject
Project("{FAE04EC0-301F-11D3-BF4B-00C04F79EFBC}") = "ServerSentEvents.Tests", "ServerSentEvents.Tests\ServerSentEvents.Tests.csproj", "{423DDB61-FC49-435E-A6BE-71D54E9102D2}"
EndProject
Global
	GlobalSection(SolutionConfigurationPlatforms) = preSolution
		Debug|Any CPU = Debug|Any CPU
		Release|Any CPU = Release|Any CPU
	EndGlobalSection
	GlobalSection(ProjectConfigurationPlatforms) = postSolution
		{FF8AE183-E24B-4521-A228-9F983AF30371}.Debug|Any CPU.ActiveCfg = Debug|Any CPU
		{FF8AE183-E24B-4521-A228-9F983AF30371}.Debug|Any CPU.Build.0 = Debug|Any CPU
		{FF8AE183-E24B-4521-A228-9F983AF30371}.Release|Any CPU.ActiveCfg = Release|Any CPU
		{FF8AE183-E24B-4521-A228-9F983AF30371}.Release|Any CPU.Build.0 = Release|Any CPU
		{423DDB61-FC49-435E-A6BE-71D54E9102D2}.Debug|Any CPU.ActiveCfg = Debug|Any CPU
		{423DDB61-FC49-435E-A6BE-71D54E9102D2}.Debug|Any CPU.Build.0 = Debug|Any CPU
		{423DDB61-FC49-435E-A6BE-71D54E9102D2}.Release|Any CPU.ActiveCfg = Release|Any CPU
		{423DDB61-FC49-435E-A6BE-71D54E9102D2}.Release|Any CPU.Build.0 = Release|Any CPU
	EndGlobalSection
	GlobalSection(SolutionProperties) = preSolution
		HideSolutionNode = FALSE
	EndGlobalSection
EndGlobal
